
Microsoft Visual Studio Solution File, Format Version 12.00
# Visual Studio 15
VisualStudioVersion = 15.0.26124.0
MinimumVisualStudioVersion = 15.0.26124.0
Project("{FAE04EC0-301F-11D3-BF4B-00C04F79EFBC}") = "DataInjector", "DataInjector\DataInjector.csproj", "{2B39A766-8AA0-4189-B6D3-A5C95D5620E9}"
EndProject
Project("{FAE04EC0-301F-11D3-BF4B-00C04F79EFBC}") = "Domain", "Domain\Domain.csproj", "{BC3DA7F8-87D4-479B-A8A2-56478AEDF8DE}"
EndProject
Project("{FAE04EC0-301F-11D3-BF4B-00C04F79EFBC}") = "Persistence", "Persistence\Persistence.csproj", "{9BC9972E-771C-4F3F-815C-ED92B5BD7863}"
EndProject
Project("{FAE04EC0-301F-11D3-BF4B-00C04F79EFBC}") = "Presentation", "Presentation\Presentation.csproj", "{C22A64E8-A615-4DF3-A833-2BB62D98BC25}"
EndProject
Project("{FAE04EC0-301F-11D3-BF4B-00C04F79EFBC}") = "Tests", "Tests\Tests.csproj", "{651E6875-5AB4-4585-A9A5-634101420BD5}"
EndProject
Global
	GlobalSection(SolutionConfigurationPlatforms) = preSolution
		Debug|Any CPU = Debug|Any CPU
		Debug|x64 = Debug|x64
		Debug|x86 = Debug|x86
		Release|Any CPU = Release|Any CPU
		Release|x64 = Release|x64
		Release|x86 = Release|x86
	EndGlobalSection
	GlobalSection(SolutionProperties) = preSolution
		HideSolutionNode = FALSE
	EndGlobalSection
	GlobalSection(ProjectConfigurationPlatforms) = postSolution
		{2B39A766-8AA0-4189-B6D3-A5C95D5620E9}.Debug|Any CPU.ActiveCfg = Debug|Any CPU
		{2B39A766-8AA0-4189-B6D3-A5C95D5620E9}.Debug|Any CPU.Build.0 = Debug|Any CPU
		{2B39A766-8AA0-4189-B6D3-A5C95D5620E9}.Debug|x64.ActiveCfg = Debug|Any CPU
		{2B39A766-8AA0-4189-B6D3-A5C95D5620E9}.Debug|x64.Build.0 = Debug|Any CPU
		{2B39A766-8AA0-4189-B6D3-A5C95D5620E9}.Debug|x86.ActiveCfg = Debug|Any CPU
		{2B39A766-8AA0-4189-B6D3-A5C95D5620E9}.Debug|x86.Build.0 = Debug|Any CPU
		{2B39A766-8AA0-4189-B6D3-A5C95D5620E9}.Release|Any CPU.ActiveCfg = Release|Any CPU
		{2B39A766-8AA0-4189-B6D3-A5C95D5620E9}.Release|Any CPU.Build.0 = Release|Any CPU
		{2B39A766-8AA0-4189-B6D3-A5C95D5620E9}.Release|x64.ActiveCfg = Release|Any CPU
		{2B39A766-8AA0-4189-B6D3-A5C95D5620E9}.Release|x64.Build.0 = Release|Any CPU
		{2B39A766-8AA0-4189-B6D3-A5C95D5620E9}.Release|x86.ActiveCfg = Release|Any CPU
		{2B39A766-8AA0-4189-B6D3-A5C95D5620E9}.Release|x86.Build.0 = Release|Any CPU
		{BC3DA7F8-87D4-479B-A8A2-56478AEDF8DE}.Debug|Any CPU.ActiveCfg = Debug|Any CPU
		{BC3DA7F8-87D4-479B-A8A2-56478AEDF8DE}.Debug|Any CPU.Build.0 = Debug|Any CPU
		{BC3DA7F8-87D4-479B-A8A2-56478AEDF8DE}.Debug|x64.ActiveCfg = Debug|Any CPU
		{BC3DA7F8-87D4-479B-A8A2-56478AEDF8DE}.Debug|x64.Build.0 = Debug|Any CPU
		{BC3DA7F8-87D4-479B-A8A2-56478AEDF8DE}.Debug|x86.ActiveCfg = Debug|Any CPU
		{BC3DA7F8-87D4-479B-A8A2-56478AEDF8DE}.Debug|x86.Build.0 = Debug|Any CPU
		{BC3DA7F8-87D4-479B-A8A2-56478AEDF8DE}.Release|Any CPU.ActiveCfg = Release|Any CPU
		{BC3DA7F8-87D4-479B-A8A2-56478AEDF8DE}.Release|Any CPU.Build.0 = Release|Any CPU
		{BC3DA7F8-87D4-479B-A8A2-56478AEDF8DE}.Release|x64.ActiveCfg = Release|Any CPU
		{BC3DA7F8-87D4-479B-A8A2-56478AEDF8DE}.Release|x64.Build.0 = Release|Any CPU
		{BC3DA7F8-87D4-479B-A8A2-56478AEDF8DE}.Release|x86.ActiveCfg = Release|Any CPU
		{BC3DA7F8-87D4-479B-A8A2-56478AEDF8DE}.Release|x86.Build.0 = Release|Any CPU
		{9BC9972E-771C-4F3F-815C-ED92B5BD7863}.Debug|Any CPU.ActiveCfg = Debug|Any CPU
		{9BC9972E-771C-4F3F-815C-ED92B5BD7863}.Debug|Any CPU.Build.0 = Debug|Any CPU
		{9BC9972E-771C-4F3F-815C-ED92B5BD7863}.Debug|x64.ActiveCfg = Debug|Any CPU
		{9BC9972E-771C-4F3F-815C-ED92B5BD7863}.Debug|x64.Build.0 = Debug|Any CPU
		{9BC9972E-771C-4F3F-815C-ED92B5BD7863}.Debug|x86.ActiveCfg = Debug|Any CPU
		{9BC9972E-771C-4F3F-815C-ED92B5BD7863}.Debug|x86.Build.0 = Debug|Any CPU
		{9BC9972E-771C-4F3F-815C-ED92B5BD7863}.Release|Any CPU.ActiveCfg = Release|Any CPU
		{9BC9972E-771C-4F3F-815C-ED92B5BD7863}.Release|Any CPU.Build.0 = Release|Any CPU
		{9BC9972E-771C-4F3F-815C-ED92B5BD7863}.Release|x64.ActiveCfg = Release|Any CPU
		{9BC9972E-771C-4F3F-815C-ED92B5BD7863}.Release|x64.Build.0 = Release|Any CPU
		{9BC9972E-771C-4F3F-815C-ED92B5BD7863}.Release|x86.ActiveCfg = Release|Any CPU
		{9BC9972E-771C-4F3F-815C-ED92B5BD7863}.Release|x86.Build.0 = Release|Any CPU
		{C22A64E8-A615-4DF3-A833-2BB62D98BC25}.Debug|Any CPU.ActiveCfg = Debug|Any CPU
		{C22A64E8-A615-4DF3-A833-2BB62D98BC25}.Debug|Any CPU.Build.0 = Debug|Any CPU
		{C22A64E8-A615-4DF3-A833-2BB62D98BC25}.Debug|x64.ActiveCfg = Debug|Any CPU
		{C22A64E8-A615-4DF3-A833-2BB62D98BC25}.Debug|x64.Build.0 = Debug|Any CPU
		{C22A64E8-A615-4DF3-A833-2BB62D98BC25}.Debug|x86.ActiveCfg = Debug|Any CPU
		{C22A64E8-A615-4DF3-A833-2BB62D98BC25}.Debug|x86.Build.0 = Debug|Any CPU
		{C22A64E8-A615-4DF3-A833-2BB62D98BC25}.Release|Any CPU.ActiveCfg = Release|Any CPU
		{C22A64E8-A615-4DF3-A833-2BB62D98BC25}.Release|Any CPU.Build.0 = Release|Any CPU
		{C22A64E8-A615-4DF3-A833-2BB62D98BC25}.Release|x64.ActiveCfg = Release|Any CPU
		{C22A64E8-A615-4DF3-A833-2BB62D98BC25}.Release|x64.Build.0 = Release|Any CPU
		{C22A64E8-A615-4DF3-A833-2BB62D98BC25}.Release|x86.ActiveCfg = Release|Any CPU
		{C22A64E8-A615-4DF3-A833-2BB62D98BC25}.Release|x86.Build.0 = Release|Any CPU
		{651E6875-5AB4-4585-A9A5-634101420BD5}.Debug|Any CPU.ActiveCfg = Debug|Any CPU
		{651E6875-5AB4-4585-A9A5-634101420BD5}.Debug|Any CPU.Build.0 = Debug|Any CPU
		{651E6875-5AB4-4585-A9A5-634101420BD5}.Debug|x64.ActiveCfg = Debug|Any CPU
		{651E6875-5AB4-4585-A9A5-634101420BD5}.Debug|x64.Build.0 = Debug|Any CPU
		{651E6875-5AB4-4585-A9A5-634101420BD5}.Debug|x86.ActiveCfg = Debug|Any CPU
		{651E6875-5AB4-4585-A9A5-634101420BD5}.Debug|x86.Build.0 = Debug|Any CPU
		{651E6875-5AB4-4585-A9A5-634101420BD5}.Release|Any CPU.ActiveCfg = Release|Any CPU
		{651E6875-5AB4-4585-A9A5-634101420BD5}.Release|Any CPU.Build.0 = Release|Any CPU
		{651E6875-5AB4-4585-A9A5-634101420BD5}.Release|x64.ActiveCfg = Release|Any CPU
		{651E6875-5AB4-4585-A9A5-634101420BD5}.Release|x64.Build.0 = Release|Any CPU
		{651E6875-5AB4-4585-A9A5-634101420BD5}.Release|x86.ActiveCfg = Release|Any CPU
		{651E6875-5AB4-4585-A9A5-634101420BD5}.Release|x86.Build.0 = Release|Any CPU
	EndGlobalSection
EndGlobal
